
Microsoft Visual Studio Solution File, Format Version 12.00
# Visual Studio 14
VisualStudioVersion = 14.0.25420.1
MinimumVisualStudioVersion = 10.0.40219.1
Project("{FAE04EC0-301F-11D3-BF4B-00C04F79EFBC}") = "CalcAPP", "CalcAPP\CalcAPP\CalcAPP.csproj", "{5951086A-F075-4FEA-963A-DE7CE4F29BE8}"
EndProject
Project("{FAE04EC0-301F-11D3-BF4B-00C04F79EFBC}") = "CalcAPP.Droid", "CalcAPP\CalcAPP.Droid\CalcAPP.Droid.csproj", "{84EE6AA2-B691-4D97-A79A-A25A9AF89C70}"
EndProject
Project("{FAE04EC0-301F-11D3-BF4B-00C04F79EFBC}") = "CalcAPP.iOS", "CalcAPP\CalcAPP.iOS\CalcAPP.iOS.csproj", "{4BBDE910-5DBC-45A4-BFE5-6BACE352CFE5}"
EndProject
Project("{FAE04EC0-301F-11D3-BF4B-00C04F79EFBC}") = "CalcAPP.WinPhone", "CalcAPP\CalcAPP.WinPhone\CalcAPP.WinPhone.csproj", "{2C5A2805-8737-40AC-8691-AEC450FA89D9}"
EndProject
Project("{FAE04EC0-301F-11D3-BF4B-00C04F79EFBC}") = "CalcAPP.Windows", "CalcAPP\CalcAPP.Windows\CalcAPP.Windows.csproj", "{06A08511-997A-4EE0-B7A9-3A24D75BF7DD}"
EndProject
Global
	GlobalSection(SolutionConfigurationPlatforms) = preSolution
		Ad-Hoc|Any CPU = Ad-Hoc|Any CPU
		Ad-Hoc|ARM = Ad-Hoc|ARM
		Ad-Hoc|iPhone = Ad-Hoc|iPhone
		Ad-Hoc|iPhoneSimulator = Ad-Hoc|iPhoneSimulator
		Ad-Hoc|x64 = Ad-Hoc|x64
		Ad-Hoc|x86 = Ad-Hoc|x86
		AppStore|Any CPU = AppStore|Any CPU
		AppStore|ARM = AppStore|ARM
		AppStore|iPhone = AppStore|iPhone
		AppStore|iPhoneSimulator = AppStore|iPhoneSimulator
		AppStore|x64 = AppStore|x64
		AppStore|x86 = AppStore|x86
		Debug|Any CPU = Debug|Any CPU
		Debug|ARM = Debug|ARM
		Debug|iPhone = Debug|iPhone
		Debug|iPhoneSimulator = Debug|iPhoneSimulator
		Debug|x64 = Debug|x64
		Debug|x86 = Debug|x86
		Release|Any CPU = Release|Any CPU
		Release|ARM = Release|ARM
		Release|iPhone = Release|iPhone
		Release|iPhoneSimulator = Release|iPhoneSimulator
		Release|x64 = Release|x64
		Release|x86 = Release|x86
	EndGlobalSection
	GlobalSection(ProjectConfigurationPlatforms) = postSolution
		{5951086A-F075-4FEA-963A-DE7CE4F29BE8}.Ad-Hoc|Any CPU.ActiveCfg = Release|Any CPU
		{5951086A-F075-4FEA-963A-DE7CE4F29BE8}.Ad-Hoc|Any CPU.Build.0 = Release|Any CPU
		{5951086A-F075-4FEA-963A-DE7CE4F29BE8}.Ad-Hoc|ARM.ActiveCfg = Release|Any CPU
		{5951086A-F075-4FEA-963A-DE7CE4F29BE8}.Ad-Hoc|ARM.Build.0 = Release|Any CPU
		{5951086A-F075-4FEA-963A-DE7CE4F29BE8}.Ad-Hoc|iPhone.ActiveCfg = Release|Any CPU
		{5951086A-F075-4FEA-963A-DE7CE4F29BE8}.Ad-Hoc|iPhone.Build.0 = Release|Any CPU
		{5951086A-F075-4FEA-963A-DE7CE4F29BE8}.Ad-Hoc|iPhoneSimulator.ActiveCfg = Release|Any CPU
		{5951086A-F075-4FEA-963A-DE7CE4F29BE8}.Ad-Hoc|iPhoneSimulator.Build.0 = Release|Any CPU
		{5951086A-F075-4FEA-963A-DE7CE4F29BE8}.Ad-Hoc|x64.ActiveCfg = Release|Any CPU
		{5951086A-F075-4FEA-963A-DE7CE4F29BE8}.Ad-Hoc|x64.Build.0 = Release|Any CPU
		{5951086A-F075-4FEA-963A-DE7CE4F29BE8}.Ad-Hoc|x86.ActiveCfg = Release|Any CPU
		{5951086A-F075-4FEA-963A-DE7CE4F29BE8}.Ad-Hoc|x86.Build.0 = Release|Any CPU
		{5951086A-F075-4FEA-963A-DE7CE4F29BE8}.AppStore|Any CPU.ActiveCfg = Release|Any CPU
		{5951086A-F075-4FEA-963A-DE7CE4F29BE8}.AppStore|Any CPU.Build.0 = Release|Any CPU
		{5951086A-F075-4FEA-963A-DE7CE4F29BE8}.AppStore|ARM.ActiveCfg = Release|Any CPU
		{5951086A-F075-4FEA-963A-DE7CE4F29BE8}.AppStore|ARM.Build.0 = Release|Any CPU
		{5951086A-F075-4FEA-963A-DE7CE4F29BE8}.AppStore|iPhone.ActiveCfg = Release|Any CPU
		{5951086A-F075-4FEA-963A-DE7CE4F29BE8}.AppStore|iPhone.Build.0 = Release|Any CPU
		{5951086A-F075-4FEA-963A-DE7CE4F29BE8}.AppStore|iPhoneSimulator.ActiveCfg = Release|Any CPU
		{5951086A-F075-4FEA-963A-DE7CE4F29BE8}.AppStore|iPhoneSimulator.Build.0 = Release|Any CPU
		{5951086A-F075-4FEA-963A-DE7CE4F29BE8}.AppStore|x64.ActiveCfg = Release|Any CPU
		{5951086A-F075-4FEA-963A-DE7CE4F29BE8}.AppStore|x64.Build.0 = Release|Any CPU
		{5951086A-F075-4FEA-963A-DE7CE4F29BE8}.AppStore|x86.ActiveCfg = Release|Any CPU
		{5951086A-F075-4FEA-963A-DE7CE4F29BE8}.AppStore|x86.Build.0 = Release|Any CPU
		{5951086A-F075-4FEA-963A-DE7CE4F29BE8}.Debug|Any CPU.ActiveCfg = Debug|Any CPU
		{5951086A-F075-4FEA-963A-DE7CE4F29BE8}.Debug|Any CPU.Build.0 = Debug|Any CPU
		{5951086A-F075-4FEA-963A-DE7CE4F29BE8}.Debug|ARM.ActiveCfg = Debug|Any CPU
		{5951086A-F075-4FEA-963A-DE7CE4F29BE8}.Debug|ARM.Build.0 = Debug|Any CPU
		{5951086A-F075-4FEA-963A-DE7CE4F29BE8}.Debug|iPhone.ActiveCfg = Debug|Any CPU
		{5951086A-F075-4FEA-963A-DE7CE4F29BE8}.Debug|iPhone.Build.0 = Debug|Any CPU
		{5951086A-F075-4FEA-963A-DE7CE4F29BE8}.Debug|iPhoneSimulator.ActiveCfg = Debug|Any CPU
		{5951086A-F075-4FEA-963A-DE7CE4F29BE8}.Debug|iPhoneSimulator.Build.0 = Debug|Any CPU
		{5951086A-F075-4FEA-963A-DE7CE4F29BE8}.Debug|x64.ActiveCfg = Debug|Any CPU
		{5951086A-F075-4FEA-963A-DE7CE4F29BE8}.Debug|x64.Build.0 = Debug|Any CPU
		{5951086A-F075-4FEA-963A-DE7CE4F29BE8}.Debug|x86.ActiveCfg = Debug|Any CPU
		{5951086A-F075-4FEA-963A-DE7CE4F29BE8}.Debug|x86.Build.0 = Debug|Any CPU
		{5951086A-F075-4FEA-963A-DE7CE4F29BE8}.Release|Any CPU.ActiveCfg = Release|Any CPU
		{5951086A-F075-4FEA-963A-DE7CE4F29BE8}.Release|Any CPU.Build.0 = Release|Any CPU
		{5951086A-F075-4FEA-963A-DE7CE4F29BE8}.Release|ARM.ActiveCfg = Release|Any CPU
		{5951086A-F075-4FEA-963A-DE7CE4F29BE8}.Release|ARM.Build.0 = Release|Any CPU
		{5951086A-F075-4FEA-963A-DE7CE4F29BE8}.Release|iPhone.ActiveCfg = Release|Any CPU
		{5951086A-F075-4FEA-963A-DE7CE4F29BE8}.Release|iPhone.Build.0 = Release|Any CPU
		{5951086A-F075-4FEA-963A-DE7CE4F29BE8}.Release|iPhoneSimulator.ActiveCfg = Release|Any CPU
		{5951086A-F075-4FEA-963A-DE7CE4F29BE8}.Release|iPhoneSimulator.Build.0 = Release|Any CPU
		{5951086A-F075-4FEA-963A-DE7CE4F29BE8}.Release|x64.ActiveCfg = Release|Any CPU
		{5951086A-F075-4FEA-963A-DE7CE4F29BE8}.Release|x64.Build.0 = Release|Any CPU
		{5951086A-F075-4FEA-963A-DE7CE4F29BE8}.Release|x86.ActiveCfg = Release|Any CPU
		{5951086A-F075-4FEA-963A-DE7CE4F29BE8}.Release|x86.Build.0 = Release|Any CPU
		{84EE6AA2-B691-4D97-A79A-A25A9AF89C70}.Ad-Hoc|Any CPU.ActiveCfg = Release|Any CPU
		{84EE6AA2-B691-4D97-A79A-A25A9AF89C70}.Ad-Hoc|Any CPU.Build.0 = Release|Any CPU
		{84EE6AA2-B691-4D97-A79A-A25A9AF89C70}.Ad-Hoc|Any CPU.Deploy.0 = Release|Any CPU
		{84EE6AA2-B691-4D97-A79A-A25A9AF89C70}.Ad-Hoc|ARM.ActiveCfg = Release|Any CPU
		{84EE6AA2-B691-4D97-A79A-A25A9AF89C70}.Ad-Hoc|ARM.Build.0 = Release|Any CPU
		{84EE6AA2-B691-4D97-A79A-A25A9AF89C70}.Ad-Hoc|ARM.Deploy.0 = Release|Any CPU
		{84EE6AA2-B691-4D97-A79A-A25A9AF89C70}.Ad-Hoc|iPhone.ActiveCfg = Release|Any CPU
		{84EE6AA2-B691-4D97-A79A-A25A9AF89C70}.Ad-Hoc|iPhone.Build.0 = Release|Any CPU
		{84EE6AA2-B691-4D97-A79A-A25A9AF89C70}.Ad-Hoc|iPhone.Deploy.0 = Release|Any CPU
		{84EE6AA2-B691-4D97-A79A-A25A9AF89C70}.Ad-Hoc|iPhoneSimulator.ActiveCfg = Release|Any CPU
		{84EE6AA2-B691-4D97-A79A-A25A9AF89C70}.Ad-Hoc|iPhoneSimulator.Build.0 = Release|Any CPU
		{84EE6AA2-B691-4D97-A79A-A25A9AF89C70}.Ad-Hoc|iPhoneSimulator.Deploy.0 = Release|Any CPU
		{84EE6AA2-B691-4D97-A79A-A25A9AF89C70}.Ad-Hoc|x64.ActiveCfg = Release|Any CPU
		{84EE6AA2-B691-4D97-A79A-A25A9AF89C70}.Ad-Hoc|x64.Build.0 = Release|Any CPU
		{84EE6AA2-B691-4D97-A79A-A25A9AF89C70}.Ad-Hoc|x64.Deploy.0 = Release|Any CPU
		{84EE6AA2-B691-4D97-A79A-A25A9AF89C70}.Ad-Hoc|x86.ActiveCfg = Release|Any CPU
		{84EE6AA2-B691-4D97-A79A-A25A9AF89C70}.Ad-Hoc|x86.Build.0 = Release|Any CPU
		{84EE6AA2-B691-4D97-A79A-A25A9AF89C70}.Ad-Hoc|x86.Deploy.0 = Release|Any CPU
		{84EE6AA2-B691-4D97-A79A-A25A9AF89C70}.AppStore|Any CPU.ActiveCfg = Release|Any CPU
		{84EE6AA2-B691-4D97-A79A-A25A9AF89C70}.AppStore|Any CPU.Build.0 = Release|Any CPU
		{84EE6AA2-B691-4D97-A79A-A25A9AF89C70}.AppStore|Any CPU.Deploy.0 = Release|Any CPU
		{84EE6AA2-B691-4D97-A79A-A25A9AF89C70}.AppStore|ARM.ActiveCfg = Release|Any CPU
		{84EE6AA2-B691-4D97-A79A-A25A9AF89C70}.AppStore|ARM.Build.0 = Release|Any CPU
		{84EE6AA2-B691-4D97-A79A-A25A9AF89C70}.AppStore|ARM.Deploy.0 = Release|Any CPU
		{84EE6AA2-B691-4D97-A79A-A25A9AF89C70}.AppStore|iPhone.ActiveCfg = Release|Any CPU
		{84EE6AA2-B691-4D97-A79A-A25A9AF89C70}.AppStore|iPhone.Build.0 = Release|Any CPU
		{84EE6AA2-B691-4D97-A79A-A25A9AF89C70}.AppStore|iPhone.Deploy.0 = Release|Any CPU
		{84EE6AA2-B691-4D97-A79A-A25A9AF89C70}.AppStore|iPhoneSimulator.ActiveCfg = Release|Any CPU
		{84EE6AA2-B691-4D97-A79A-A25A9AF89C70}.AppStore|iPhoneSimulator.Build.0 = Release|Any CPU
		{84EE6AA2-B691-4D97-A79A-A25A9AF89C70}.AppStore|iPhoneSimulator.Deploy.0 = Release|Any CPU
		{84EE6AA2-B691-4D97-A79A-A25A9AF89C70}.AppStore|x64.ActiveCfg = Release|Any CPU
		{84EE6AA2-B691-4D97-A79A-A25A9AF89C70}.AppStore|x64.Build.0 = Release|Any CPU
		{84EE6AA2-B691-4D97-A79A-A25A9AF89C70}.AppStore|x64.Deploy.0 = Release|Any CPU
		{84EE6AA2-B691-4D97-A79A-A25A9AF89C70}.AppStore|x86.ActiveCfg = Release|Any CPU
		{84EE6AA2-B691-4D97-A79A-A25A9AF89C70}.AppStore|x86.Build.0 = Release|Any CPU
		{84EE6AA2-B691-4D97-A79A-A25A9AF89C70}.AppStore|x86.Deploy.0 = Release|Any CPU
		{84EE6AA2-B691-4D97-A79A-A25A9AF89C70}.Debug|Any CPU.ActiveCfg = Debug|Any CPU
		{84EE6AA2-B691-4D97-A79A-A25A9AF89C70}.Debug|Any CPU.Build.0 = Debug|Any CPU
		{84EE6AA2-B691-4D97-A79A-A25A9AF89C70}.Debug|Any CPU.Deploy.0 = Debug|Any CPU
		{84EE6AA2-B691-4D97-A79A-A25A9AF89C70}.Debug|ARM.ActiveCfg = Debug|Any CPU
		{84EE6AA2-B691-4D97-A79A-A25A9AF89C70}.Debug|ARM.Build.0 = Debug|Any CPU
		{84EE6AA2-B691-4D97-A79A-A25A9AF89C70}.Debug|ARM.Deploy.0 = Debug|Any CPU
		{84EE6AA2-B691-4D97-A79A-A25A9AF89C70}.Debug|iPhone.ActiveCfg = Debug|Any CPU
		{84EE6AA2-B691-4D97-A79A-A25A9AF89C70}.Debug|iPhone.Build.0 = Debug|Any CPU
		{84EE6AA2-B691-4D97-A79A-A25A9AF89C70}.Debug|iPhone.Deploy.0 = Debug|Any CPU
		{84EE6AA2-B691-4D97-A79A-A25A9AF89C70}.Debug|iPhoneSimulator.ActiveCfg = Debug|Any CPU
		{84EE6AA2-B691-4D97-A79A-A25A9AF89C70}.Debug|iPhoneSimulator.Build.0 = Debug|Any CPU
		{84EE6AA2-B691-4D97-A79A-A25A9AF89C70}.Debug|iPhoneSimulator.Deploy.0 = Debug|Any CPU
		{84EE6AA2-B691-4D97-A79A-A25A9AF89C70}.Debug|x64.ActiveCfg = Debug|Any CPU
		{84EE6AA2-B691-4D97-A79A-A25A9AF89C70}.Debug|x64.Build.0 = Debug|Any CPU
		{84EE6AA2-B691-4D97-A79A-A25A9AF89C70}.Debug|x64.Deploy.0 = Debug|Any CPU
		{84EE6AA2-B691-4D97-A79A-A25A9AF89C70}.Debug|x86.ActiveCfg = Debug|Any CPU
		{84EE6AA2-B691-4D97-A79A-A25A9AF89C70}.Debug|x86.Build.0 = Debug|Any CPU
		{84EE6AA2-B691-4D97-A79A-A25A9AF89C70}.Debug|x86.Deploy.0 = Debug|Any CPU
		{84EE6AA2-B691-4D97-A79A-A25A9AF89C70}.Release|Any CPU.ActiveCfg = Release|Any CPU
		{84EE6AA2-B691-4D97-A79A-A25A9AF89C70}.Release|Any CPU.Build.0 = Release|Any CPU
		{84EE6AA2-B691-4D97-A79A-A25A9AF89C70}.Release|Any CPU.Deploy.0 = Release|Any CPU
		{84EE6AA2-B691-4D97-A79A-A25A9AF89C70}.Release|ARM.ActiveCfg = Release|Any CPU
		{84EE6AA2-B691-4D97-A79A-A25A9AF89C70}.Release|ARM.Build.0 = Release|Any CPU
		{84EE6AA2-B691-4D97-A79A-A25A9AF89C70}.Release|ARM.Deploy.0 = Release|Any CPU
		{84EE6AA2-B691-4D97-A79A-A25A9AF89C70}.Release|iPhone.ActiveCfg = Release|Any CPU
		{84EE6AA2-B691-4D97-A79A-A25A9AF89C70}.Release|iPhone.Build.0 = Release|Any CPU
		{84EE6AA2-B691-4D97-A79A-A25A9AF89C70}.Release|iPhone.Deploy.0 = Release|Any CPU
		{84EE6AA2-B691-4D97-A79A-A25A9AF89C70}.Release|iPhoneSimulator.ActiveCfg = Release|Any CPU
		{84EE6AA2-B691-4D97-A79A-A25A9AF89C70}.Release|iPhoneSimulator.Build.0 = Release|Any CPU
		{84EE6AA2-B691-4D97-A79A-A25A9AF89C70}.Release|iPhoneSimulator.Deploy.0 = Release|Any CPU
		{84EE6AA2-B691-4D97-A79A-A25A9AF89C70}.Release|x64.ActiveCfg = Release|Any CPU
		{84EE6AA2-B691-4D97-A79A-A25A9AF89C70}.Release|x64.Build.0 = Release|Any CPU
		{84EE6AA2-B691-4D97-A79A-A25A9AF89C70}.Release|x64.Deploy.0 = Release|Any CPU
		{84EE6AA2-B691-4D97-A79A-A25A9AF89C70}.Release|x86.ActiveCfg = Release|Any CPU
		{84EE6AA2-B691-4D97-A79A-A25A9AF89C70}.Release|x86.Build.0 = Release|Any CPU
		{84EE6AA2-B691-4D97-A79A-A25A9AF89C70}.Release|x86.Deploy.0 = Release|Any CPU
		{4BBDE910-5DBC-45A4-BFE5-6BACE352CFE5}.Ad-Hoc|Any CPU.ActiveCfg = Ad-Hoc|iPhone
		{4BBDE910-5DBC-45A4-BFE5-6BACE352CFE5}.Ad-Hoc|ARM.ActiveCfg = Ad-Hoc|iPhone
		{4BBDE910-5DBC-45A4-BFE5-6BACE352CFE5}.Ad-Hoc|iPhone.ActiveCfg = Ad-Hoc|iPhone
		{4BBDE910-5DBC-45A4-BFE5-6BACE352CFE5}.Ad-Hoc|iPhone.Build.0 = Ad-Hoc|iPhone
		{4BBDE910-5DBC-45A4-BFE5-6BACE352CFE5}.Ad-Hoc|iPhoneSimulator.ActiveCfg = Ad-Hoc|iPhoneSimulator
		{4BBDE910-5DBC-45A4-BFE5-6BACE352CFE5}.Ad-Hoc|iPhoneSimulator.Build.0 = Ad-Hoc|iPhoneSimulator
		{4BBDE910-5DBC-45A4-BFE5-6BACE352CFE5}.Ad-Hoc|x64.ActiveCfg = Ad-Hoc|iPhone
		{4BBDE910-5DBC-45A4-BFE5-6BACE352CFE5}.Ad-Hoc|x86.ActiveCfg = Ad-Hoc|iPhone
		{4BBDE910-5DBC-45A4-BFE5-6BACE352CFE5}.AppStore|Any CPU.ActiveCfg = AppStore|iPhone
		{4BBDE910-5DBC-45A4-BFE5-6BACE352CFE5}.AppStore|ARM.ActiveCfg = AppStore|iPhone
		{4BBDE910-5DBC-45A4-BFE5-6BACE352CFE5}.AppStore|iPhone.ActiveCfg = AppStore|iPhone
		{4BBDE910-5DBC-45A4-BFE5-6BACE352CFE5}.AppStore|iPhone.Build.0 = AppStore|iPhone
		{4BBDE910-5DBC-45A4-BFE5-6BACE352CFE5}.AppStore|iPhoneSimulator.ActiveCfg = AppStore|iPhoneSimulator
		{4BBDE910-5DBC-45A4-BFE5-6BACE352CFE5}.AppStore|iPhoneSimulator.Build.0 = AppStore|iPhoneSimulator
		{4BBDE910-5DBC-45A4-BFE5-6BACE352CFE5}.AppStore|x64.ActiveCfg = AppStore|iPhone
		{4BBDE910-5DBC-45A4-BFE5-6BACE352CFE5}.AppStore|x86.ActiveCfg = AppStore|iPhone
		{4BBDE910-5DBC-45A4-BFE5-6BACE352CFE5}.Debug|Any CPU.ActiveCfg = Debug|iPhone
		{4BBDE910-5DBC-45A4-BFE5-6BACE352CFE5}.Debug|ARM.ActiveCfg = Debug|iPhone
		{4BBDE910-5DBC-45A4-BFE5-6BACE352CFE5}.Debug|iPhone.ActiveCfg = Debug|iPhone
		{4BBDE910-5DBC-45A4-BFE5-6BACE352CFE5}.Debug|iPhone.Build.0 = Debug|iPhone
		{4BBDE910-5DBC-45A4-BFE5-6BACE352CFE5}.Debug|iPhoneSimulator.ActiveCfg = Debug|iPhoneSimulator
		{4BBDE910-5DBC-45A4-BFE5-6BACE352CFE5}.Debug|iPhoneSimulator.Build.0 = Debug|iPhoneSimulator
		{4BBDE910-5DBC-45A4-BFE5-6BACE352CFE5}.Debug|x64.ActiveCfg = Debug|iPhone
		{4BBDE910-5DBC-45A4-BFE5-6BACE352CFE5}.Debug|x86.ActiveCfg = Debug|iPhone
		{4BBDE910-5DBC-45A4-BFE5-6BACE352CFE5}.Release|Any CPU.ActiveCfg = Release|iPhone
		{4BBDE910-5DBC-45A4-BFE5-6BACE352CFE5}.Release|ARM.ActiveCfg = Release|iPhone
		{4BBDE910-5DBC-45A4-BFE5-6BACE352CFE5}.Release|iPhone.ActiveCfg = Release|iPhone
		{4BBDE910-5DBC-45A4-BFE5-6BACE352CFE5}.Release|iPhone.Build.0 = Release|iPhone
		{4BBDE910-5DBC-45A4-BFE5-6BACE352CFE5}.Release|iPhoneSimulator.ActiveCfg = Release|iPhoneSimulator
		{4BBDE910-5DBC-45A4-BFE5-6BACE352CFE5}.Release|iPhoneSimulator.Build.0 = Release|iPhoneSimulator
		{4BBDE910-5DBC-45A4-BFE5-6BACE352CFE5}.Release|x64.ActiveCfg = Release|iPhone
		{4BBDE910-5DBC-45A4-BFE5-6BACE352CFE5}.Release|x86.ActiveCfg = Release|iPhone
		{2C5A2805-8737-40AC-8691-AEC450FA89D9}.Ad-Hoc|Any CPU.ActiveCfg = Release|Any CPU
		{2C5A2805-8737-40AC-8691-AEC450FA89D9}.Ad-Hoc|Any CPU.Build.0 = Release|Any CPU
		{2C5A2805-8737-40AC-8691-AEC450FA89D9}.Ad-Hoc|Any CPU.Deploy.0 = Release|Any CPU
		{2C5A2805-8737-40AC-8691-AEC450FA89D9}.Ad-Hoc|ARM.ActiveCfg = Release|ARM
		{2C5A2805-8737-40AC-8691-AEC450FA89D9}.Ad-Hoc|ARM.Build.0 = Release|ARM
		{2C5A2805-8737-40AC-8691-AEC450FA89D9}.Ad-Hoc|ARM.Deploy.0 = Release|ARM
		{2C5A2805-8737-40AC-8691-AEC450FA89D9}.Ad-Hoc|iPhone.ActiveCfg = Release|Any CPU
		{2C5A2805-8737-40AC-8691-AEC450FA89D9}.Ad-Hoc|iPhone.Build.0 = Release|Any CPU
		{2C5A2805-8737-40AC-8691-AEC450FA89D9}.Ad-Hoc|iPhone.Deploy.0 = Release|Any CPU
		{2C5A2805-8737-40AC-8691-AEC450FA89D9}.Ad-Hoc|iPhoneSimulator.ActiveCfg = Release|Any CPU
		{2C5A2805-8737-40AC-8691-AEC450FA89D9}.Ad-Hoc|iPhoneSimulator.Build.0 = Release|Any CPU
		{2C5A2805-8737-40AC-8691-AEC450FA89D9}.Ad-Hoc|iPhoneSimulator.Deploy.0 = Release|Any CPU
		{2C5A2805-8737-40AC-8691-AEC450FA89D9}.Ad-Hoc|x64.ActiveCfg = Release|Any CPU
		{2C5A2805-8737-40AC-8691-AEC450FA89D9}.Ad-Hoc|x64.Build.0 = Release|Any CPU
		{2C5A2805-8737-40AC-8691-AEC450FA89D9}.Ad-Hoc|x64.Deploy.0 = Release|Any CPU
		{2C5A2805-8737-40AC-8691-AEC450FA89D9}.Ad-Hoc|x86.ActiveCfg = Release|x86
		{2C5A2805-8737-40AC-8691-AEC450FA89D9}.Ad-Hoc|x86.Build.0 = Release|x86
		{2C5A2805-8737-40AC-8691-AEC450FA89D9}.Ad-Hoc|x86.Deploy.0 = Release|x86
		{2C5A2805-8737-40AC-8691-AEC450FA89D9}.AppStore|Any CPU.ActiveCfg = Release|Any CPU
		{2C5A2805-8737-40AC-8691-AEC450FA89D9}.AppStore|Any CPU.Build.0 = Release|Any CPU
		{2C5A2805-8737-40AC-8691-AEC450FA89D9}.AppStore|Any CPU.Deploy.0 = Release|Any CPU
		{2C5A2805-8737-40AC-8691-AEC450FA89D9}.AppStore|ARM.ActiveCfg = Release|ARM
		{2C5A2805-8737-40AC-8691-AEC450FA89D9}.AppStore|ARM.Build.0 = Release|ARM
		{2C5A2805-8737-40AC-8691-AEC450FA89D9}.AppStore|ARM.Deploy.0 = Release|ARM
		{2C5A2805-8737-40AC-8691-AEC450FA89D9}.AppStore|iPhone.ActiveCfg = Release|Any CPU
		{2C5A2805-8737-40AC-8691-AEC450FA89D9}.AppStore|iPhone.Build.0 = Release|Any CPU
		{2C5A2805-8737-40AC-8691-AEC450FA89D9}.AppStore|iPhone.Deploy.0 = Release|Any CPU
		{2C5A2805-8737-40AC-8691-AEC450FA89D9}.AppStore|iPhoneSimulator.ActiveCfg = Release|Any CPU
		{2C5A2805-8737-40AC-8691-AEC450FA89D9}.AppStore|iPhoneSimulator.Build.0 = Release|Any CPU
		{2C5A2805-8737-40AC-8691-AEC450FA89D9}.AppStore|iPhoneSimulator.Deploy.0 = Release|Any CPU
		{2C5A2805-8737-40AC-8691-AEC450FA89D9}.AppStore|x64.ActiveCfg = Release|Any CPU
		{2C5A2805-8737-40AC-8691-AEC450FA89D9}.AppStore|x64.Build.0 = Release|Any CPU
		{2C5A2805-8737-40AC-8691-AEC450FA89D9}.AppStore|x64.Deploy.0 = Release|Any CPU
		{2C5A2805-8737-40AC-8691-AEC450FA89D9}.AppStore|x86.ActiveCfg = Release|x86
		{2C5A2805-8737-40AC-8691-AEC450FA89D9}.AppStore|x86.Build.0 = Release|x86
		{2C5A2805-8737-40AC-8691-AEC450FA89D9}.AppStore|x86.Deploy.0 = Release|x86
		{2C5A2805-8737-40AC-8691-AEC450FA89D9}.Debug|Any CPU.ActiveCfg = Debug|Any CPU
		{2C5A2805-8737-40AC-8691-AEC450FA89D9}.Debug|Any CPU.Build.0 = Debug|Any CPU
		{2C5A2805-8737-40AC-8691-AEC450FA89D9}.Debug|Any CPU.Deploy.0 = Debug|Any CPU
		{2C5A2805-8737-40AC-8691-AEC450FA89D9}.Debug|ARM.ActiveCfg = Debug|ARM
		{2C5A2805-8737-40AC-8691-AEC450FA89D9}.Debug|ARM.Build.0 = Debug|ARM
		{2C5A2805-8737-40AC-8691-AEC450FA89D9}.Debug|ARM.Deploy.0 = Debug|ARM
		{2C5A2805-8737-40AC-8691-AEC450FA89D9}.Debug|iPhone.ActiveCfg = Debug|Any CPU
		{2C5A2805-8737-40AC-8691-AEC450FA89D9}.Debug|iPhone.Build.0 = Debug|Any CPU
		{2C5A2805-8737-40AC-8691-AEC450FA89D9}.Debug|iPhone.Deploy.0 = Debug|Any CPU
		{2C5A2805-8737-40AC-8691-AEC450FA89D9}.Debug|iPhoneSimulator.ActiveCfg = Debug|Any CPU
		{2C5A2805-8737-40AC-8691-AEC450FA89D9}.Debug|iPhoneSimulator.Build.0 = Debug|Any CPU
		{2C5A2805-8737-40AC-8691-AEC450FA89D9}.Debug|iPhoneSimulator.Deploy.0 = Debug|Any CPU
		{2C5A2805-8737-40AC-8691-AEC450FA89D9}.Debug|x64.ActiveCfg = Debug|Any CPU
		{2C5A2805-8737-40AC-8691-AEC450FA89D9}.Debug|x64.Build.0 = Debug|Any CPU
		{2C5A2805-8737-40AC-8691-AEC450FA89D9}.Debug|x64.Deploy.0 = Debug|Any CPU
		{2C5A2805-8737-40AC-8691-AEC450FA89D9}.Debug|x86.ActiveCfg = Debug|x86
		{2C5A2805-8737-40AC-8691-AEC450FA89D9}.Debug|x86.Build.0 = Debug|x86
		{2C5A2805-8737-40AC-8691-AEC450FA89D9}.Debug|x86.Deploy.0 = Debug|x86
		{2C5A2805-8737-40AC-8691-AEC450FA89D9}.Release|Any CPU.ActiveCfg = Release|Any CPU
		{2C5A2805-8737-40AC-8691-AEC450FA89D9}.Release|Any CPU.Build.0 = Release|Any CPU
		{2C5A2805-8737-40AC-8691-AEC450FA89D9}.Release|Any CPU.Deploy.0 = Release|Any CPU
		{2C5A2805-8737-40AC-8691-AEC450FA89D9}.Release|ARM.ActiveCfg = Release|ARM
		{2C5A2805-8737-40AC-8691-AEC450FA89D9}.Release|ARM.Build.0 = Release|ARM
		{2C5A2805-8737-40AC-8691-AEC450FA89D9}.Release|ARM.Deploy.0 = Release|ARM
		{2C5A2805-8737-40AC-8691-AEC450FA89D9}.Release|iPhone.ActiveCfg = Release|Any CPU
		{2C5A2805-8737-40AC-8691-AEC450FA89D9}.Release|iPhone.Build.0 = Release|Any CPU
		{2C5A2805-8737-40AC-8691-AEC450FA89D9}.Release|iPhone.Deploy.0 = Release|Any CPU
		{2C5A2805-8737-40AC-8691-AEC450FA89D9}.Release|iPhoneSimulator.ActiveCfg = Release|Any CPU
		{2C5A2805-8737-40AC-8691-AEC450FA89D9}.Release|iPhoneSimulator.Build.0 = Release|Any CPU
		{2C5A2805-8737-40AC-8691-AEC450FA89D9}.Release|iPhoneSimulator.Deploy.0 = Release|Any CPU
		{2C5A2805-8737-40AC-8691-AEC450FA89D9}.Release|x64.ActiveCfg = Release|Any CPU
		{2C5A2805-8737-40AC-8691-AEC450FA89D9}.Release|x64.Build.0 = Release|Any CPU
		{2C5A2805-8737-40AC-8691-AEC450FA89D9}.Release|x64.Deploy.0 = Release|Any CPU
		{2C5A2805-8737-40AC-8691-AEC450FA89D9}.Release|x86.ActiveCfg = Release|x86
		{2C5A2805-8737-40AC-8691-AEC450FA89D9}.Release|x86.Build.0 = Release|x86
		{2C5A2805-8737-40AC-8691-AEC450FA89D9}.Release|x86.Deploy.0 = Release|x86
		{06A08511-997A-4EE0-B7A9-3A24D75BF7DD}.Ad-Hoc|Any CPU.ActiveCfg = Release|Any CPU
		{06A08511-997A-4EE0-B7A9-3A24D75BF7DD}.Ad-Hoc|Any CPU.Build.0 = Release|Any CPU
		{06A08511-997A-4EE0-B7A9-3A24D75BF7DD}.Ad-Hoc|Any CPU.Deploy.0 = Release|Any CPU
		{06A08511-997A-4EE0-B7A9-3A24D75BF7DD}.Ad-Hoc|ARM.ActiveCfg = Release|ARM
		{06A08511-997A-4EE0-B7A9-3A24D75BF7DD}.Ad-Hoc|ARM.Build.0 = Release|ARM
		{06A08511-997A-4EE0-B7A9-3A24D75BF7DD}.Ad-Hoc|ARM.Deploy.0 = Release|ARM
		{06A08511-997A-4EE0-B7A9-3A24D75BF7DD}.Ad-Hoc|iPhone.ActiveCfg = Release|Any CPU
		{06A08511-997A-4EE0-B7A9-3A24D75BF7DD}.Ad-Hoc|iPhone.Build.0 = Release|Any CPU
		{06A08511-997A-4EE0-B7A9-3A24D75BF7DD}.Ad-Hoc|iPhone.Deploy.0 = Release|Any CPU
		{06A08511-997A-4EE0-B7A9-3A24D75BF7DD}.Ad-Hoc|iPhoneSimulator.ActiveCfg = Release|Any CPU
		{06A08511-997A-4EE0-B7A9-3A24D75BF7DD}.Ad-Hoc|iPhoneSimulator.Build.0 = Release|Any CPU
		{06A08511-997A-4EE0-B7A9-3A24D75BF7DD}.Ad-Hoc|iPhoneSimulator.Deploy.0 = Release|Any CPU
		{06A08511-997A-4EE0-B7A9-3A24D75BF7DD}.Ad-Hoc|x64.ActiveCfg = Release|x64
		{06A08511-997A-4EE0-B7A9-3A24D75BF7DD}.Ad-Hoc|x64.Build.0 = Release|x64
		{06A08511-997A-4EE0-B7A9-3A24D75BF7DD}.Ad-Hoc|x64.Deploy.0 = Release|x64
		{06A08511-997A-4EE0-B7A9-3A24D75BF7DD}.Ad-Hoc|x86.ActiveCfg = Release|x86
		{06A08511-997A-4EE0-B7A9-3A24D75BF7DD}.Ad-Hoc|x86.Build.0 = Release|x86
		{06A08511-997A-4EE0-B7A9-3A24D75BF7DD}.Ad-Hoc|x86.Deploy.0 = Release|x86
		{06A08511-997A-4EE0-B7A9-3A24D75BF7DD}.AppStore|Any CPU.ActiveCfg = Release|Any CPU
		{06A08511-997A-4EE0-B7A9-3A24D75BF7DD}.AppStore|Any CPU.Build.0 = Release|Any CPU
		{06A08511-997A-4EE0-B7A9-3A24D75BF7DD}.AppStore|Any CPU.Deploy.0 = Release|Any CPU
		{06A08511-997A-4EE0-B7A9-3A24D75BF7DD}.AppStore|ARM.ActiveCfg = Release|ARM
		{06A08511-997A-4EE0-B7A9-3A24D75BF7DD}.AppStore|ARM.Build.0 = Release|ARM
		{06A08511-997A-4EE0-B7A9-3A24D75BF7DD}.AppStore|ARM.Deploy.0 = Release|ARM
		{06A08511-997A-4EE0-B7A9-3A24D75BF7DD}.AppStore|iPhone.ActiveCfg = Release|Any CPU
		{06A08511-997A-4EE0-B7A9-3A24D75BF7DD}.AppStore|iPhone.Build.0 = Release|Any CPU
		{06A08511-997A-4EE0-B7A9-3A24D75BF7DD}.AppStore|iPhone.Deploy.0 = Release|Any CPU
		{06A08511-997A-4EE0-B7A9-3A24D75BF7DD}.AppStore|iPhoneSimulator.ActiveCfg = Release|Any CPU
		{06A08511-997A-4EE0-B7A9-3A24D75BF7DD}.AppStore|iPhoneSimulator.Build.0 = Release|Any CPU
		{06A08511-997A-4EE0-B7A9-3A24D75BF7DD}.AppStore|iPhoneSimulator.Deploy.0 = Release|Any CPU
		{06A08511-997A-4EE0-B7A9-3A24D75BF7DD}.AppStore|x64.ActiveCfg = Release|x64
		{06A08511-997A-4EE0-B7A9-3A24D75BF7DD}.AppStore|x64.Build.0 = Release|x64
		{06A08511-997A-4EE0-B7A9-3A24D75BF7DD}.AppStore|x64.Deploy.0 = Release|x64
		{06A08511-997A-4EE0-B7A9-3A24D75BF7DD}.AppStore|x86.ActiveCfg = Release|x86
		{06A08511-997A-4EE0-B7A9-3A24D75BF7DD}.AppStore|x86.Build.0 = Release|x86
		{06A08511-997A-4EE0-B7A9-3A24D75BF7DD}.AppStore|x86.Deploy.0 = Release|x86
		{06A08511-997A-4EE0-B7A9-3A24D75BF7DD}.Debug|Any CPU.ActiveCfg = Debug|Any CPU
		{06A08511-997A-4EE0-B7A9-3A24D75BF7DD}.Debug|Any CPU.Build.0 = Debug|Any CPU
		{06A08511-997A-4EE0-B7A9-3A24D75BF7DD}.Debug|Any CPU.Deploy.0 = Debug|Any CPU
		{06A08511-997A-4EE0-B7A9-3A24D75BF7DD}.Debug|ARM.ActiveCfg = Debug|ARM
		{06A08511-997A-4EE0-B7A9-3A24D75BF7DD}.Debug|ARM.Build.0 = Debug|ARM
		{06A08511-997A-4EE0-B7A9-3A24D75BF7DD}.Debug|ARM.Deploy.0 = Debug|ARM
		{06A08511-997A-4EE0-B7A9-3A24D75BF7DD}.Debug|iPhone.ActiveCfg = Debug|Any CPU
		{06A08511-997A-4EE0-B7A9-3A24D75BF7DD}.Debug|iPhone.Build.0 = Debug|Any CPU
		{06A08511-997A-4EE0-B7A9-3A24D75BF7DD}.Debug|iPhone.Deploy.0 = Debug|Any CPU
		{06A08511-997A-4EE0-B7A9-3A24D75BF7DD}.Debug|iPhoneSimulator.ActiveCfg = Debug|Any CPU
		{06A08511-997A-4EE0-B7A9-3A24D75BF7DD}.Debug|iPhoneSimulator.Build.0 = Debug|Any CPU
		{06A08511-997A-4EE0-B7A9-3A24D75BF7DD}.Debug|iPhoneSimulator.Deploy.0 = Debug|Any CPU
		{06A08511-997A-4EE0-B7A9-3A24D75BF7DD}.Debug|x64.ActiveCfg = Debug|x64
		{06A08511-997A-4EE0-B7A9-3A24D75BF7DD}.Debug|x64.Build.0 = Debug|x64
		{06A08511-997A-4EE0-B7A9-3A24D75BF7DD}.Debug|x64.Deploy.0 = Debug|x64
		{06A08511-997A-4EE0-B7A9-3A24D75BF7DD}.Debug|x86.ActiveCfg = Debug|x86
		{06A08511-997A-4EE0-B7A9-3A24D75BF7DD}.Debug|x86.Build.0 = Debug|x86
		{06A08511-997A-4EE0-B7A9-3A24D75BF7DD}.Debug|x86.Deploy.0 = Debug|x86
		{06A08511-997A-4EE0-B7A9-3A24D75BF7DD}.Release|Any CPU.ActiveCfg = Release|Any CPU
		{06A08511-997A-4EE0-B7A9-3A24D75BF7DD}.Release|Any CPU.Build.0 = Release|Any CPU
		{06A08511-997A-4EE0-B7A9-3A24D75BF7DD}.Release|Any CPU.Deploy.0 = Release|Any CPU
		{06A08511-997A-4EE0-B7A9-3A24D75BF7DD}.Release|ARM.ActiveCfg = Release|ARM
		{06A08511-997A-4EE0-B7A9-3A24D75BF7DD}.Release|ARM.Build.0 = Release|ARM
		{06A08511-997A-4EE0-B7A9-3A24D75BF7DD}.Release|ARM.Deploy.0 = Release|ARM
		{06A08511-997A-4EE0-B7A9-3A24D75BF7DD}.Release|iPhone.ActiveCfg = Release|Any CPU
		{06A08511-997A-4EE0-B7A9-3A24D75BF7DD}.Release|iPhone.Build.0 = Release|Any CPU
		{06A08511-997A-4EE0-B7A9-3A24D75BF7DD}.Release|iPhone.Deploy.0 = Release|Any CPU
		{06A08511-997A-4EE0-B7A9-3A24D75BF7DD}.Release|iPhoneSimulator.ActiveCfg = Release|Any CPU
		{06A08511-997A-4EE0-B7A9-3A24D75BF7DD}.Release|iPhoneSimulator.Build.0 = Release|Any CPU
		{06A08511-997A-4EE0-B7A9-3A24D75BF7DD}.Release|iPhoneSimulator.Deploy.0 = Release|Any CPU
		{06A08511-997A-4EE0-B7A9-3A24D75BF7DD}.Release|x64.ActiveCfg = Release|x64
		{06A08511-997A-4EE0-B7A9-3A24D75BF7DD}.Release|x64.Build.0 = Release|x64
		{06A08511-997A-4EE0-B7A9-3A24D75BF7DD}.Release|x64.Deploy.0 = Release|x64
		{06A08511-997A-4EE0-B7A9-3A24D75BF7DD}.Release|x86.ActiveCfg = Release|x86
		{06A08511-997A-4EE0-B7A9-3A24D75BF7DD}.Release|x86.Build.0 = Release|x86
		{06A08511-997A-4EE0-B7A9-3A24D75BF7DD}.Release|x86.Deploy.0 = Release|x86
	EndGlobalSection
	GlobalSection(SolutionProperties) = preSolution
		HideSolutionNode = FALSE
	EndGlobalSection
EndGlobal
